// !$*UTF8*$!
{
	archiveVersion = 1;
	classes = {
	};
	objectVersion = 55;
	objects = {

/* Begin PBXBuildFile section */
		C7D3191A28A4E1A800940AFE /* AppDelegate.swift in Sources */ = {isa = PBXBuildFile; fileRef = C7D3191928A4E1A800940AFE /* AppDelegate.swift */; };
		C7D3191C28A4E1A800940AFE /* SceneDelegate.swift in Sources */ = {isa = PBXBuildFile; fileRef = C7D3191B28A4E1A800940AFE /* SceneDelegate.swift */; };
		C7D3191E28A4E1A800940AFE /* MainViewController.swift in Sources */ = {isa = PBXBuildFile; fileRef = C7D3191D28A4E1A800940AFE /* MainViewController.swift */; };
		C7D3192128A4E1A800940AFE /* Main.storyboard in Resources */ = {isa = PBXBuildFile; fileRef = C7D3191F28A4E1A800940AFE /* Main.storyboard */; };
		C7D3192428A4E1A800940AFE /* getAway.xcdatamodeld in Sources */ = {isa = PBXBuildFile; fileRef = C7D3192228A4E1A800940AFE /* getAway.xcdatamodeld */; };
		C7D3192628A4E1A900940AFE /* Assets.xcassets in Resources */ = {isa = PBXBuildFile; fileRef = C7D3192528A4E1A900940AFE /* Assets.xcassets */; };
		C7D3192928A4E1A900940AFE /* LaunchScreen.storyboard in Resources */ = {isa = PBXBuildFile; fileRef = C7D3192728A4E1A900940AFE /* LaunchScreen.storyboard */; };
		C7D3193428A4E1A900940AFE /* getAwayTests.swift in Sources */ = {isa = PBXBuildFile; fileRef = C7D3193328A4E1A900940AFE /* getAwayTests.swift */; };
		C7D3193E28A4E1A900940AFE /* getAwayUITests.swift in Sources */ = {isa = PBXBuildFile; fileRef = C7D3193D28A4E1A900940AFE /* getAwayUITests.swift */; };
		C7D3194028A4E1A900940AFE /* getAwayUITestsLaunchTests.swift in Sources */ = {isa = PBXBuildFile; fileRef = C7D3193F28A4E1A900940AFE /* getAwayUITestsLaunchTests.swift */; };
		C7D3195428A4F51600940AFE /* GoogleService-Info.plist in Resources */ = {isa = PBXBuildFile; fileRef = C7D3195328A4F51600940AFE /* GoogleService-Info.plist */; };
		C7D3195728A4F5A500940AFE /* FirebaseAnalytics in Frameworks */ = {isa = PBXBuildFile; productRef = C7D3195628A4F5A500940AFE /* FirebaseAnalytics */; };
		C7D3195928A4F5A500940AFE /* FirebaseAnalyticsSwift in Frameworks */ = {isa = PBXBuildFile; productRef = C7D3195828A4F5A500940AFE /* FirebaseAnalyticsSwift */; };
		C7D3195B28A4F5A500940AFE /* FirebaseAuth in Frameworks */ = {isa = PBXBuildFile; productRef = C7D3195A28A4F5A500940AFE /* FirebaseAuth */; };
		C7D3195D28A4F5A500940AFE /* FirebaseDatabase in Frameworks */ = {isa = PBXBuildFile; productRef = C7D3195C28A4F5A500940AFE /* FirebaseDatabase */; };
		C7D3195F28A4F5A500940AFE /* FirebaseDatabaseSwift in Frameworks */ = {isa = PBXBuildFile; productRef = C7D3195E28A4F5A500940AFE /* FirebaseDatabaseSwift */; };
		C7D3196128A4F5A500940AFE /* FirebaseFirestore in Frameworks */ = {isa = PBXBuildFile; productRef = C7D3196028A4F5A500940AFE /* FirebaseFirestore */; };
		C7D3196328A4F5A500940AFE /* FirebaseFirestoreSwift in Frameworks */ = {isa = PBXBuildFile; productRef = C7D3196228A4F5A500940AFE /* FirebaseFirestoreSwift */; };
		C7D3196528A4F5A500940AFE /* FirebaseStorage in Frameworks */ = {isa = PBXBuildFile; productRef = C7D3196428A4F5A500940AFE /* FirebaseStorage */; };
		C7D3196728A4F6DB00940AFE /* MainViewModel.swift in Sources */ = {isa = PBXBuildFile; fileRef = C7D3196628A4F6DB00940AFE /* MainViewModel.swift */; };
		C7D3196828A4FA4A00940AFE /* GoogleService-Info.plist in Resources */ = {isa = PBXBuildFile; fileRef = C7D3195328A4F51600940AFE /* GoogleService-Info.plist */; };
		C7D3196B28A5018400940AFE /* CustomLayout.swift in Sources */ = {isa = PBXBuildFile; fileRef = C7D3196A28A5018400940AFE /* CustomLayout.swift */; };
		C7D3197128A5025000940AFE /* MainCollectionViewCell.swift in Sources */ = {isa = PBXBuildFile; fileRef = C7D3196F28A5025000940AFE /* MainCollectionViewCell.swift */; };
		C7D3197228A5025000940AFE /* MainCollectionViewCell.xib in Resources */ = {isa = PBXBuildFile; fileRef = C7D3197028A5025000940AFE /* MainCollectionViewCell.xib */; };
		C7D3197528A5036400940AFE /* PostManager.swift in Sources */ = {isa = PBXBuildFile; fileRef = C7D3197428A5036400940AFE /* PostManager.swift */; };
		C7D3197728A5039E00940AFE /* PostModel.swift in Sources */ = {isa = PBXBuildFile; fileRef = C7D3197628A5039E00940AFE /* PostModel.swift */; };
/* End PBXBuildFile section */

/* Begin PBXContainerItemProxy section */
		C7D3193028A4E1A900940AFE /* PBXContainerItemProxy */ = {
			isa = PBXContainerItemProxy;
			containerPortal = C7D3190E28A4E1A800940AFE /* Project object */;
			proxyType = 1;
			remoteGlobalIDString = C7D3191528A4E1A800940AFE;
			remoteInfo = getAway;
		};
		C7D3193A28A4E1A900940AFE /* PBXContainerItemProxy */ = {
			isa = PBXContainerItemProxy;
			containerPortal = C7D3190E28A4E1A800940AFE /* Project object */;
			proxyType = 1;
			remoteGlobalIDString = C7D3191528A4E1A800940AFE;
			remoteInfo = getAway;
		};
/* End PBXContainerItemProxy section */

/* Begin PBXFileReference section */
		C7D3191628A4E1A800940AFE /* getAway.app */ = {isa = PBXFileReference; explicitFileType = wrapper.application; includeInIndex = 0; path = getAway.app; sourceTree = BUILT_PRODUCTS_DIR; };
		C7D3191928A4E1A800940AFE /* AppDelegate.swift */ = {isa = PBXFileReference; lastKnownFileType = sourcecode.swift; path = AppDelegate.swift; sourceTree = "<group>"; };
		C7D3191B28A4E1A800940AFE /* SceneDelegate.swift */ = {isa = PBXFileReference; lastKnownFileType = sourcecode.swift; path = SceneDelegate.swift; sourceTree = "<group>"; };
		C7D3191D28A4E1A800940AFE /* MainViewController.swift */ = {isa = PBXFileReference; lastKnownFileType = sourcecode.swift; path = MainViewController.swift; sourceTree = "<group>"; };
		C7D3192028A4E1A800940AFE /* Base */ = {isa = PBXFileReference; lastKnownFileType = file.storyboard; name = Base; path = Base.lproj/Main.storyboard; sourceTree = "<group>"; };
		C7D3192328A4E1A800940AFE /* getAway.xcdatamodel */ = {isa = PBXFileReference; lastKnownFileType = wrapper.xcdatamodel; path = getAway.xcdatamodel; sourceTree = "<group>"; };
		C7D3192528A4E1A900940AFE /* Assets.xcassets */ = {isa = PBXFileReference; lastKnownFileType = folder.assetcatalog; path = Assets.xcassets; sourceTree = "<group>"; };
		C7D3192828A4E1A900940AFE /* Base */ = {isa = PBXFileReference; lastKnownFileType = file.storyboard; name = Base; path = Base.lproj/LaunchScreen.storyboard; sourceTree = "<group>"; };
		C7D3192A28A4E1A900940AFE /* Info.plist */ = {isa = PBXFileReference; lastKnownFileType = text.plist.xml; path = Info.plist; sourceTree = "<group>"; };
		C7D3192F28A4E1A900940AFE /* getAwayTests.xctest */ = {isa = PBXFileReference; explicitFileType = wrapper.cfbundle; includeInIndex = 0; path = getAwayTests.xctest; sourceTree = BUILT_PRODUCTS_DIR; };
		C7D3193328A4E1A900940AFE /* getAwayTests.swift */ = {isa = PBXFileReference; lastKnownFileType = sourcecode.swift; path = getAwayTests.swift; sourceTree = "<group>"; };
		C7D3193928A4E1A900940AFE /* getAwayUITests.xctest */ = {isa = PBXFileReference; explicitFileType = wrapper.cfbundle; includeInIndex = 0; path = getAwayUITests.xctest; sourceTree = BUILT_PRODUCTS_DIR; };
		C7D3193D28A4E1A900940AFE /* getAwayUITests.swift */ = {isa = PBXFileReference; lastKnownFileType = sourcecode.swift; path = getAwayUITests.swift; sourceTree = "<group>"; };
		C7D3193F28A4E1A900940AFE /* getAwayUITestsLaunchTests.swift */ = {isa = PBXFileReference; lastKnownFileType = sourcecode.swift; path = getAwayUITestsLaunchTests.swift; sourceTree = "<group>"; };
		C7D3195328A4F51600940AFE /* GoogleService-Info.plist */ = {isa = PBXFileReference; fileEncoding = 4; lastKnownFileType = text.plist.xml; path = "GoogleService-Info.plist"; sourceTree = "<group>"; };
		C7D3196628A4F6DB00940AFE /* MainViewModel.swift */ = {isa = PBXFileReference; lastKnownFileType = sourcecode.swift; path = MainViewModel.swift; sourceTree = "<group>"; };
		C7D3196A28A5018400940AFE /* CustomLayout.swift */ = {isa = PBXFileReference; fileEncoding = 4; lastKnownFileType = sourcecode.swift; path = CustomLayout.swift; sourceTree = "<group>"; };
		C7D3196F28A5025000940AFE /* MainCollectionViewCell.swift */ = {isa = PBXFileReference; lastKnownFileType = sourcecode.swift; path = MainCollectionViewCell.swift; sourceTree = "<group>"; };
		C7D3197028A5025000940AFE /* MainCollectionViewCell.xib */ = {isa = PBXFileReference; lastKnownFileType = file.xib; path = MainCollectionViewCell.xib; sourceTree = "<group>"; };
		C7D3197428A5036400940AFE /* PostManager.swift */ = {isa = PBXFileReference; lastKnownFileType = sourcecode.swift; path = PostManager.swift; sourceTree = "<group>"; };
		C7D3197628A5039E00940AFE /* PostModel.swift */ = {isa = PBXFileReference; lastKnownFileType = sourcecode.swift; path = PostModel.swift; sourceTree = "<group>"; };
/* End PBXFileReference section */

/* Begin PBXFrameworksBuildPhase section */
		C7D3191328A4E1A800940AFE /* Frameworks */ = {
			isa = PBXFrameworksBuildPhase;
			buildActionMask = 2147483647;
			files = (
				C7D3195F28A4F5A500940AFE /* FirebaseDatabaseSwift in Frameworks */,
				C7D3195928A4F5A500940AFE /* FirebaseAnalyticsSwift in Frameworks */,
				C7D3195B28A4F5A500940AFE /* FirebaseAuth in Frameworks */,
				C7D3196328A4F5A500940AFE /* FirebaseFirestoreSwift in Frameworks */,
				C7D3195D28A4F5A500940AFE /* FirebaseDatabase in Frameworks */,
				C7D3196528A4F5A500940AFE /* FirebaseStorage in Frameworks */,
				C7D3195728A4F5A500940AFE /* FirebaseAnalytics in Frameworks */,
				C7D3196128A4F5A500940AFE /* FirebaseFirestore in Frameworks */,
			);
			runOnlyForDeploymentPostprocessing = 0;
		};
		C7D3192C28A4E1A900940AFE /* Frameworks */ = {
			isa = PBXFrameworksBuildPhase;
			buildActionMask = 2147483647;
			files = (
			);
			runOnlyForDeploymentPostprocessing = 0;
		};
		C7D3193628A4E1A900940AFE /* Frameworks */ = {
			isa = PBXFrameworksBuildPhase;
			buildActionMask = 2147483647;
			files = (
			);
			runOnlyForDeploymentPostprocessing = 0;
		};
/* End PBXFrameworksBuildPhase section */

/* Begin PBXGroup section */
		C7D3190D28A4E1A800940AFE = {
			isa = PBXGroup;
			children = (
				C7D3191828A4E1A800940AFE /* getAway */,
				C7D3193228A4E1A900940AFE /* getAwayTests */,
				C7D3193C28A4E1A900940AFE /* getAwayUITests */,
				C7D3191728A4E1A800940AFE /* Products */,
			);
			sourceTree = "<group>";
		};
		C7D3191728A4E1A800940AFE /* Products */ = {
			isa = PBXGroup;
			children = (
				C7D3191628A4E1A800940AFE /* getAway.app */,
				C7D3192F28A4E1A900940AFE /* getAwayTests.xctest */,
				C7D3193928A4E1A900940AFE /* getAwayUITests.xctest */,
			);
			name = Products;
			sourceTree = "<group>";
		};
		C7D3191828A4E1A800940AFE /* getAway */ = {
			isa = PBXGroup;
			children = (
				C7D3195028A4E1EC00940AFE /* Model */,
				C7D3194D28A4E1CD00940AFE /* View */,
				C7D3195128A4E1F200940AFE /* ViewModel */,
				C7D3195228A4EB3F00940AFE /* Utils */,
				C7D3194F28A4E1DC00940AFE /* Resource */,
				C7D3194C28A4E1C200940AFE /* Application */,
				C7D3192A28A4E1A900940AFE /* Info.plist */,
				C7D3195328A4F51600940AFE /* GoogleService-Info.plist */,
				C7D3192228A4E1A800940AFE /* getAway.xcdatamodeld */,
			);
			path = getAway;
			sourceTree = "<group>";
		};
		C7D3193228A4E1A900940AFE /* getAwayTests */ = {
			isa = PBXGroup;
			children = (
				C7D3193328A4E1A900940AFE /* getAwayTests.swift */,
			);
			path = getAwayTests;
			sourceTree = "<group>";
		};
		C7D3193C28A4E1A900940AFE /* getAwayUITests */ = {
			isa = PBXGroup;
			children = (
				C7D3193D28A4E1A900940AFE /* getAwayUITests.swift */,
				C7D3193F28A4E1A900940AFE /* getAwayUITestsLaunchTests.swift */,
			);
			path = getAwayUITests;
			sourceTree = "<group>";
		};
		C7D3194C28A4E1C200940AFE /* Application */ = {
			isa = PBXGroup;
			children = (
				C7D3191928A4E1A800940AFE /* AppDelegate.swift */,
				C7D3191B28A4E1A800940AFE /* SceneDelegate.swift */,
			);
			path = Application;
			sourceTree = "<group>";
		};
		C7D3194D28A4E1CD00940AFE /* View */ = {
			isa = PBXGroup;
			children = (
				C7D3191F28A4E1A800940AFE /* Main.storyboard */,
				C7D3196C28A5022100940AFE /* Cell */,
				C7D3194E28A4E1D100940AFE /* Controller */,
			);
			path = View;
			sourceTree = "<group>";
		};
		C7D3194E28A4E1D100940AFE /* Controller */ = {
			isa = PBXGroup;
			children = (
				C7D3191D28A4E1A800940AFE /* MainViewController.swift */,
			);
			path = Controller;
			sourceTree = "<group>";
		};
		C7D3194F28A4E1DC00940AFE /* Resource */ = {
			isa = PBXGroup;
			children = (
				C7D3192528A4E1A900940AFE /* Assets.xcassets */,
				C7D3192728A4E1A900940AFE /* LaunchScreen.storyboard */,
			);
			path = Resource;
			sourceTree = "<group>";
		};
		C7D3195028A4E1EC00940AFE /* Model */ = {
			isa = PBXGroup;
			children = (
				C7D3197328A5033800940AFE /* Manager */,
				C7D3197628A5039E00940AFE /* PostModel.swift */,
			);
			path = Model;
			sourceTree = "<group>";
		};
		C7D3195128A4E1F200940AFE /* ViewModel */ = {
			isa = PBXGroup;
			children = (
				C7D3196628A4F6DB00940AFE /* MainViewModel.swift */,
			);
			path = ViewModel;
			sourceTree = "<group>";
		};
		C7D3195228A4EB3F00940AFE /* Utils */ = {
			isa = PBXGroup;
			children = (
				C7D3196928A5016C00940AFE /* CustomLayout */,
			);
			path = Utils;
			sourceTree = "<group>";
		};
		C7D3196928A5016C00940AFE /* CustomLayout */ = {
			isa = PBXGroup;
			children = (
				C7D3196A28A5018400940AFE /* CustomLayout.swift */,
			);
			path = CustomLayout;
			sourceTree = "<group>";
		};
		C7D3196C28A5022100940AFE /* Cell */ = {
			isa = PBXGroup;
			children = (
				C7D3196F28A5025000940AFE /* MainCollectionViewCell.swift */,
				C7D3197028A5025000940AFE /* MainCollectionViewCell.xib */,
			);
			path = Cell;
			sourceTree = "<group>";
		};
		C7D3197328A5033800940AFE /* Manager */ = {
			isa = PBXGroup;
			children = (
				C7D3197428A5036400940AFE /* PostManager.swift */,
			);
			path = Manager;
			sourceTree = "<group>";
		};
/* End PBXGroup section */

/* Begin PBXNativeTarget section */
		C7D3191528A4E1A800940AFE /* getAway */ = {
			isa = PBXNativeTarget;
			buildConfigurationList = C7D3194328A4E1A900940AFE /* Build configuration list for PBXNativeTarget "getAway" */;
			buildPhases = (
				C7D3191228A4E1A800940AFE /* Sources */,
				C7D3191328A4E1A800940AFE /* Frameworks */,
				C7D3191428A4E1A800940AFE /* Resources */,
			);
			buildRules = (
			);
			dependencies = (
			);
			name = getAway;
			packageProductDependencies = (
				C7D3195628A4F5A500940AFE /* FirebaseAnalytics */,
				C7D3195828A4F5A500940AFE /* FirebaseAnalyticsSwift */,
				C7D3195A28A4F5A500940AFE /* FirebaseAuth */,
				C7D3195C28A4F5A500940AFE /* FirebaseDatabase */,
				C7D3195E28A4F5A500940AFE /* FirebaseDatabaseSwift */,
				C7D3196028A4F5A500940AFE /* FirebaseFirestore */,
				C7D3196228A4F5A500940AFE /* FirebaseFirestoreSwift */,
				C7D3196428A4F5A500940AFE /* FirebaseStorage */,
			);
			productName = getAway;
			productReference = C7D3191628A4E1A800940AFE /* getAway.app */;
			productType = "com.apple.product-type.application";
		};
		C7D3192E28A4E1A900940AFE /* getAwayTests */ = {
			isa = PBXNativeTarget;
			buildConfigurationList = C7D3194628A4E1A900940AFE /* Build configuration list for PBXNativeTarget "getAwayTests" */;
			buildPhases = (
				C7D3192B28A4E1A900940AFE /* Sources */,
				C7D3192C28A4E1A900940AFE /* Frameworks */,
				C7D3192D28A4E1A900940AFE /* Resources */,
			);
			buildRules = (
			);
			dependencies = (
				C7D3193128A4E1A900940AFE /* PBXTargetDependency */,
			);
			name = getAwayTests;
			productName = getAwayTests;
			productReference = C7D3192F28A4E1A900940AFE /* getAwayTests.xctest */;
			productType = "com.apple.product-type.bundle.unit-test";
		};
		C7D3193828A4E1A900940AFE /* getAwayUITests */ = {
			isa = PBXNativeTarget;
			buildConfigurationList = C7D3194928A4E1A900940AFE /* Build configuration list for PBXNativeTarget "getAwayUITests" */;
			buildPhases = (
				C7D3193528A4E1A900940AFE /* Sources */,
				C7D3193628A4E1A900940AFE /* Frameworks */,
				C7D3193728A4E1A900940AFE /* Resources */,
			);
			buildRules = (
			);
			dependencies = (
				C7D3193B28A4E1A900940AFE /* PBXTargetDependency */,
			);
			name = getAwayUITests;
			productName = getAwayUITests;
			productReference = C7D3193928A4E1A900940AFE /* getAwayUITests.xctest */;
			productType = "com.apple.product-type.bundle.ui-testing";
		};
/* End PBXNativeTarget section */

/* Begin PBXProject section */
		C7D3190E28A4E1A800940AFE /* Project object */ = {
			isa = PBXProject;
			attributes = {
				BuildIndependentTargetsInParallel = 1;
				LastSwiftUpdateCheck = 1340;
				LastUpgradeCheck = 1340;
				TargetAttributes = {
					C7D3191528A4E1A800940AFE = {
						CreatedOnToolsVersion = 13.4;
					};
					C7D3192E28A4E1A900940AFE = {
						CreatedOnToolsVersion = 13.4;
						TestTargetID = C7D3191528A4E1A800940AFE;
					};
					C7D3193828A4E1A900940AFE = {
						CreatedOnToolsVersion = 13.4;
						TestTargetID = C7D3191528A4E1A800940AFE;
					};
				};
			};
			buildConfigurationList = C7D3191128A4E1A800940AFE /* Build configuration list for PBXProject "getAway" */;
			compatibilityVersion = "Xcode 13.0";
			developmentRegion = en;
			hasScannedForEncodings = 0;
			knownRegions = (
				en,
				Base,
			);
			mainGroup = C7D3190D28A4E1A800940AFE;
			packageReferences = (
				C7D3195528A4F5A500940AFE /* XCRemoteSwiftPackageReference "firebase-ios-sdk" */,
			);
			productRefGroup = C7D3191728A4E1A800940AFE /* Products */;
			projectDirPath = "";
			projectRoot = "";
			targets = (
				C7D3191528A4E1A800940AFE /* getAway */,
				C7D3192E28A4E1A900940AFE /* getAwayTests */,
				C7D3193828A4E1A900940AFE /* getAwayUITests */,
			);
		};
/* End PBXProject section */

/* Begin PBXResourcesBuildPhase section */
		C7D3191428A4E1A800940AFE /* Resources */ = {
			isa = PBXResourcesBuildPhase;
			buildActionMask = 2147483647;
			files = (
				C7D3192928A4E1A900940AFE /* LaunchScreen.storyboard in Resources */,
				C7D3196828A4FA4A00940AFE /* GoogleService-Info.plist in Resources */,
				C7D3192628A4E1A900940AFE /* Assets.xcassets in Resources */,
				C7D3197228A5025000940AFE /* MainCollectionViewCell.xib in Resources */,
				C7D3192128A4E1A800940AFE /* Main.storyboard in Resources */,
			);
			runOnlyForDeploymentPostprocessing = 0;
		};
		C7D3192D28A4E1A900940AFE /* Resources */ = {
			isa = PBXResourcesBuildPhase;
			buildActionMask = 2147483647;
			files = (
			);
			runOnlyForDeploymentPostprocessing = 0;
		};
		C7D3193728A4E1A900940AFE /* Resources */ = {
			isa = PBXResourcesBuildPhase;
			buildActionMask = 2147483647;
			files = (
				C7D3195428A4F51600940AFE /* GoogleService-Info.plist in Resources */,
			);
			runOnlyForDeploymentPostprocessing = 0;
		};
/* End PBXResourcesBuildPhase section */

/* Begin PBXSourcesBuildPhase section */
		C7D3191228A4E1A800940AFE /* Sources */ = {
			isa = PBXSourcesBuildPhase;
			buildActionMask = 2147483647;
			files = (
				C7D3197128A5025000940AFE /* MainCollectionViewCell.swift in Sources */,
				C7D3197728A5039E00940AFE /* PostModel.swift in Sources */,
				C7D3196728A4F6DB00940AFE /* MainViewModel.swift in Sources */,
				C7D3196B28A5018400940AFE /* CustomLayout.swift in Sources */,
				C7D3191E28A4E1A800940AFE /* MainViewController.swift in Sources */,
				C7D3191A28A4E1A800940AFE /* AppDelegate.swift in Sources */,
				C7D3197528A5036400940AFE /* PostManager.swift in Sources */,
				C7D3192428A4E1A800940AFE /* getAway.xcdatamodeld in Sources */,
				C7D3191C28A4E1A800940AFE /* SceneDelegate.swift in Sources */,
			);
			runOnlyForDeploymentPostprocessing = 0;
		};
		C7D3192B28A4E1A900940AFE /* Sources */ = {
			isa = PBXSourcesBuildPhase;
			buildActionMask = 2147483647;
			files = (
				C7D3193428A4E1A900940AFE /* getAwayTests.swift in Sources */,
			);
			runOnlyForDeploymentPostprocessing = 0;
		};
		C7D3193528A4E1A900940AFE /* Sources */ = {
			isa = PBXSourcesBuildPhase;
			buildActionMask = 2147483647;
			files = (
				C7D3193E28A4E1A900940AFE /* getAwayUITests.swift in Sources */,
				C7D3194028A4E1A900940AFE /* getAwayUITestsLaunchTests.swift in Sources */,
			);
			runOnlyForDeploymentPostprocessing = 0;
		};
/* End PBXSourcesBuildPhase section */

/* Begin PBXTargetDependency section */
		C7D3193128A4E1A900940AFE /* PBXTargetDependency */ = {
			isa = PBXTargetDependency;
			target = C7D3191528A4E1A800940AFE /* getAway */;
			targetProxy = C7D3193028A4E1A900940AFE /* PBXContainerItemProxy */;
		};
		C7D3193B28A4E1A900940AFE /* PBXTargetDependency */ = {
			isa = PBXTargetDependency;
			target = C7D3191528A4E1A800940AFE /* getAway */;
			targetProxy = C7D3193A28A4E1A900940AFE /* PBXContainerItemProxy */;
		};
/* End PBXTargetDependency section */

/* Begin PBXVariantGroup section */
		C7D3191F28A4E1A800940AFE /* Main.storyboard */ = {
			isa = PBXVariantGroup;
			children = (
				C7D3192028A4E1A800940AFE /* Base */,
			);
			name = Main.storyboard;
			sourceTree = "<group>";
		};
		C7D3192728A4E1A900940AFE /* LaunchScreen.storyboard */ = {
			isa = PBXVariantGroup;
			children = (
				C7D3192828A4E1A900940AFE /* Base */,
			);
			name = LaunchScreen.storyboard;
			sourceTree = "<group>";
		};
/* End PBXVariantGroup section */

/* Begin XCBuildConfiguration section */
		C7D3194128A4E1A900940AFE /* Debug */ = {
			isa = XCBuildConfiguration;
			buildSettings = {
				ALWAYS_SEARCH_USER_PATHS = NO;
				CLANG_ANALYZER_NONNULL = YES;
				CLANG_ANALYZER_NUMBER_OBJECT_CONVERSION = YES_AGGRESSIVE;
				CLANG_CXX_LANGUAGE_STANDARD = "gnu++17";
				CLANG_ENABLE_MODULES = YES;
				CLANG_ENABLE_OBJC_ARC = YES;
				CLANG_ENABLE_OBJC_WEAK = YES;
				CLANG_WARN_BLOCK_CAPTURE_AUTORELEASING = YES;
				CLANG_WARN_BOOL_CONVERSION = YES;
				CLANG_WARN_COMMA = YES;
				CLANG_WARN_CONSTANT_CONVERSION = YES;
				CLANG_WARN_DEPRECATED_OBJC_IMPLEMENTATIONS = YES;
				CLANG_WARN_DIRECT_OBJC_ISA_USAGE = YES_ERROR;
				CLANG_WARN_DOCUMENTATION_COMMENTS = YES;
				CLANG_WARN_EMPTY_BODY = YES;
				CLANG_WARN_ENUM_CONVERSION = YES;
				CLANG_WARN_INFINITE_RECURSION = YES;
				CLANG_WARN_INT_CONVERSION = YES;
				CLANG_WARN_NON_LITERAL_NULL_CONVERSION = YES;
				CLANG_WARN_OBJC_IMPLICIT_RETAIN_SELF = YES;
				CLANG_WARN_OBJC_LITERAL_CONVERSION = YES;
				CLANG_WARN_OBJC_ROOT_CLASS = YES_ERROR;
				CLANG_WARN_QUOTED_INCLUDE_IN_FRAMEWORK_HEADER = YES;
				CLANG_WARN_RANGE_LOOP_ANALYSIS = YES;
				CLANG_WARN_STRICT_PROTOTYPES = YES;
				CLANG_WARN_SUSPICIOUS_MOVE = YES;
				CLANG_WARN_UNGUARDED_AVAILABILITY = YES_AGGRESSIVE;
				CLANG_WARN_UNREACHABLE_CODE = YES;
				CLANG_WARN__DUPLICATE_METHOD_MATCH = YES;
				COPY_PHASE_STRIP = NO;
				DEBUG_INFORMATION_FORMAT = dwarf;
				ENABLE_STRICT_OBJC_MSGSEND = YES;
				ENABLE_TESTABILITY = YES;
				GCC_C_LANGUAGE_STANDARD = gnu11;
				GCC_DYNAMIC_NO_PIC = NO;
				GCC_NO_COMMON_BLOCKS = YES;
				GCC_OPTIMIZATION_LEVEL = 0;
				GCC_PREPROCESSOR_DEFINITIONS = (
					"DEBUG=1",
					"$(inherited)",
				);
				GCC_WARN_64_TO_32_BIT_CONVERSION = YES;
				GCC_WARN_ABOUT_RETURN_TYPE = YES_ERROR;
				GCC_WARN_UNDECLARED_SELECTOR = YES;
				GCC_WARN_UNINITIALIZED_AUTOS = YES_AGGRESSIVE;
				GCC_WARN_UNUSED_FUNCTION = YES;
				GCC_WARN_UNUSED_VARIABLE = YES;
				IPHONEOS_DEPLOYMENT_TARGET = 15.5;
				MTL_ENABLE_DEBUG_INFO = INCLUDE_SOURCE;
				MTL_FAST_MATH = YES;
				ONLY_ACTIVE_ARCH = YES;
				SDKROOT = iphoneos;
				SWIFT_ACTIVE_COMPILATION_CONDITIONS = DEBUG;
				SWIFT_OPTIMIZATION_LEVEL = "-Onone";
			};
			name = Debug;
		};
		C7D3194228A4E1A900940AFE /* Release */ = {
			isa = XCBuildConfiguration;
			buildSettings = {
				ALWAYS_SEARCH_USER_PATHS = NO;
				CLANG_ANALYZER_NONNULL = YES;
				CLANG_ANALYZER_NUMBER_OBJECT_CONVERSION = YES_AGGRESSIVE;
				CLANG_CXX_LANGUAGE_STANDARD = "gnu++17";
				CLANG_ENABLE_MODULES = YES;
				CLANG_ENABLE_OBJC_ARC = YES;
				CLANG_ENABLE_OBJC_WEAK = YES;
				CLANG_WARN_BLOCK_CAPTURE_AUTORELEASING = YES;
				CLANG_WARN_BOOL_CONVERSION = YES;
				CLANG_WARN_COMMA = YES;
				CLANG_WARN_CONSTANT_CONVERSION = YES;
				CLANG_WARN_DEPRECATED_OBJC_IMPLEMENTATIONS = YES;
				CLANG_WARN_DIRECT_OBJC_ISA_USAGE = YES_ERROR;
				CLANG_WARN_DOCUMENTATION_COMMENTS = YES;
				CLANG_WARN_EMPTY_BODY = YES;
				CLANG_WARN_ENUM_CONVERSION = YES;
				CLANG_WARN_INFINITE_RECURSION = YES;
				CLANG_WARN_INT_CONVERSION = YES;
				CLANG_WARN_NON_LITERAL_NULL_CONVERSION = YES;
				CLANG_WARN_OBJC_IMPLICIT_RETAIN_SELF = YES;
				CLANG_WARN_OBJC_LITERAL_CONVERSION = YES;
				CLANG_WARN_OBJC_ROOT_CLASS = YES_ERROR;
				CLANG_WARN_QUOTED_INCLUDE_IN_FRAMEWORK_HEADER = YES;
				CLANG_WARN_RANGE_LOOP_ANALYSIS = YES;
				CLANG_WARN_STRICT_PROTOTYPES = YES;
				CLANG_WARN_SUSPICIOUS_MOVE = YES;
				CLANG_WARN_UNGUARDED_AVAILABILITY = YES_AGGRESSIVE;
				CLANG_WARN_UNREACHABLE_CODE = YES;
				CLANG_WARN__DUPLICATE_METHOD_MATCH = YES;
				COPY_PHASE_STRIP = NO;
				DEBUG_INFORMATION_FORMAT = "dwarf-with-dsym";
				ENABLE_NS_ASSERTIONS = NO;
				ENABLE_STRICT_OBJC_MSGSEND = YES;
				GCC_C_LANGUAGE_STANDARD = gnu11;
				GCC_NO_COMMON_BLOCKS = YES;
				GCC_WARN_64_TO_32_BIT_CONVERSION = YES;
				GCC_WARN_ABOUT_RETURN_TYPE = YES_ERROR;
				GCC_WARN_UNDECLARED_SELECTOR = YES;
				GCC_WARN_UNINITIALIZED_AUTOS = YES_AGGRESSIVE;
				GCC_WARN_UNUSED_FUNCTION = YES;
				GCC_WARN_UNUSED_VARIABLE = YES;
				IPHONEOS_DEPLOYMENT_TARGET = 15.5;
				MTL_ENABLE_DEBUG_INFO = NO;
				MTL_FAST_MATH = YES;
				SDKROOT = iphoneos;
				SWIFT_COMPILATION_MODE = wholemodule;
				SWIFT_OPTIMIZATION_LEVEL = "-O";
				VALIDATE_PRODUCT = YES;
			};
			name = Release;
		};
		C7D3194428A4E1A900940AFE /* Debug */ = {
			isa = XCBuildConfiguration;
			buildSettings = {
				ASSETCATALOG_COMPILER_APPICON_NAME = AppIcon;
				ASSETCATALOG_COMPILER_GLOBAL_ACCENT_COLOR_NAME = AccentColor;
				CODE_SIGN_STYLE = Automatic;
				CURRENT_PROJECT_VERSION = 1;
				DEVELOPMENT_TEAM = RLXHF6WVG6;
				GENERATE_INFOPLIST_FILE = YES;
				INFOPLIST_FILE = getAway/Info.plist;
				INFOPLIST_KEY_UIApplicationSupportsIndirectInputEvents = YES;
				INFOPLIST_KEY_UILaunchStoryboardName = LaunchScreen;
				INFOPLIST_KEY_UIMainStoryboardFile = Main;
				INFOPLIST_KEY_UISupportedInterfaceOrientations_iPad = "UIInterfaceOrientationPortrait UIInterfaceOrientationPortraitUpsideDown UIInterfaceOrientationLandscapeLeft UIInterfaceOrientationLandscapeRight";
				INFOPLIST_KEY_UISupportedInterfaceOrientations_iPhone = "UIInterfaceOrientationPortrait UIInterfaceOrientationLandscapeLeft UIInterfaceOrientationLandscapeRight";
				LD_RUNPATH_SEARCH_PATHS = (
					"$(inherited)",
					"@executable_path/Frameworks",
				);
				MARKETING_VERSION = 1.0;
				PRODUCT_BUNDLE_IDENTIFIER = com.getAway;
				PRODUCT_NAME = "$(TARGET_NAME)";
				SWIFT_EMIT_LOC_STRINGS = YES;
				SWIFT_VERSION = 5.0;
				TARGETED_DEVICE_FAMILY = "1,2";
			};
			name = Debug;
		};
		C7D3194528A4E1A900940AFE /* Release */ = {
			isa = XCBuildConfiguration;
			buildSettings = {
				ASSETCATALOG_COMPILER_APPICON_NAME = AppIcon;
				ASSETCATALOG_COMPILER_GLOBAL_ACCENT_COLOR_NAME = AccentColor;
				CODE_SIGN_STYLE = Automatic;
				CURRENT_PROJECT_VERSION = 1;
				DEVELOPMENT_TEAM = RLXHF6WVG6;
				GENERATE_INFOPLIST_FILE = YES;
				INFOPLIST_FILE = getAway/Info.plist;
				INFOPLIST_KEY_UIApplicationSupportsIndirectInputEvents = YES;
				INFOPLIST_KEY_UILaunchStoryboardName = LaunchScreen;
				INFOPLIST_KEY_UIMainStoryboardFile = Main;
				INFOPLIST_KEY_UISupportedInterfaceOrientations_iPad = "UIInterfaceOrientationPortrait UIInterfaceOrientationPortraitUpsideDown UIInterfaceOrientationLandscapeLeft UIInterfaceOrientationLandscapeRight";
				INFOPLIST_KEY_UISupportedInterfaceOrientations_iPhone = "UIInterfaceOrientationPortrait UIInterfaceOrientationLandscapeLeft UIInterfaceOrientationLandscapeRight";
				LD_RUNPATH_SEARCH_PATHS = (
					"$(inherited)",
					"@executable_path/Frameworks",
				);
				MARKETING_VERSION = 1.0;
				PRODUCT_BUNDLE_IDENTIFIER = com.getAway;
				PRODUCT_NAME = "$(TARGET_NAME)";
				SWIFT_EMIT_LOC_STRINGS = YES;
				SWIFT_VERSION = 5.0;
				TARGETED_DEVICE_FAMILY = "1,2";
			};
			name = Release;
		};
		C7D3194728A4E1A900940AFE /* Debug */ = {
			isa = XCBuildConfiguration;
			buildSettings = {
				ALWAYS_EMBED_SWIFT_STANDARD_LIBRARIES = YES;
				BUNDLE_LOADER = "$(TEST_HOST)";
				CODE_SIGN_STYLE = Automatic;
				CURRENT_PROJECT_VERSION = 1;
				DEVELOPMENT_TEAM = RLXHF6WVG6;
				GENERATE_INFOPLIST_FILE = YES;
				IPHONEOS_DEPLOYMENT_TARGET = 15.5;
				MARKETING_VERSION = 1.0;
				PRODUCT_BUNDLE_IDENTIFIER = com.getAwayTests;
				PRODUCT_NAME = "$(TARGET_NAME)";
				SWIFT_EMIT_LOC_STRINGS = NO;
				SWIFT_VERSION = 5.0;
				TARGETED_DEVICE_FAMILY = "1,2";
				TEST_HOST = "$(BUILT_PRODUCTS_DIR)/getAway.app/getAway";
			};
			name = Debug;
		};
		C7D3194828A4E1A900940AFE /* Release */ = {
			isa = XCBuildConfiguration;
			buildSettings = {
				ALWAYS_EMBED_SWIFT_STANDARD_LIBRARIES = YES;
				BUNDLE_LOADER = "$(TEST_HOST)";
				CODE_SIGN_STYLE = Automatic;
				CURRENT_PROJECT_VERSION = 1;
				DEVELOPMENT_TEAM = RLXHF6WVG6;
				GENERATE_INFOPLIST_FILE = YES;
				IPHONEOS_DEPLOYMENT_TARGET = 15.5;
				MARKETING_VERSION = 1.0;
				PRODUCT_BUNDLE_IDENTIFIER = com.getAwayTests;
				PRODUCT_NAME = "$(TARGET_NAME)";
				SWIFT_EMIT_LOC_STRINGS = NO;
				SWIFT_VERSION = 5.0;
				TARGETED_DEVICE_FAMILY = "1,2";
				TEST_HOST = "$(BUILT_PRODUCTS_DIR)/getAway.app/getAway";
			};
			name = Release;
		};
		C7D3194A28A4E1A900940AFE /* Debug */ = {
			isa = XCBuildConfiguration;
			buildSettings = {
				ALWAYS_EMBED_SWIFT_STANDARD_LIBRARIES = YES;
				CODE_SIGN_STYLE = Automatic;
				CURRENT_PROJECT_VERSION = 1;
				DEVELOPMENT_TEAM = RLXHF6WVG6;
				GENERATE_INFOPLIST_FILE = YES;
				MARKETING_VERSION = 1.0;
				PRODUCT_BUNDLE_IDENTIFIER = com.getAwayUITests;
				PRODUCT_NAME = "$(TARGET_NAME)";
				SWIFT_EMIT_LOC_STRINGS = NO;
				SWIFT_VERSION = 5.0;
				TARGETED_DEVICE_FAMILY = "1,2";
				TEST_TARGET_NAME = getAway;
			};
			name = Debug;
		};
		C7D3194B28A4E1A900940AFE /* Release */ = {
			isa = XCBuildConfiguration;
			buildSettings = {
				ALWAYS_EMBED_SWIFT_STANDARD_LIBRARIES = YES;
				CODE_SIGN_STYLE = Automatic;
				CURRENT_PROJECT_VERSION = 1;
				DEVELOPMENT_TEAM = RLXHF6WVG6;
				GENERATE_INFOPLIST_FILE = YES;
				MARKETING_VERSION = 1.0;
				PRODUCT_BUNDLE_IDENTIFIER = com.getAwayUITests;
				PRODUCT_NAME = "$(TARGET_NAME)";
				SWIFT_EMIT_LOC_STRINGS = NO;
				SWIFT_VERSION = 5.0;
				TARGETED_DEVICE_FAMILY = "1,2";
				TEST_TARGET_NAME = getAway;
			};
			name = Release;
		};
/* End XCBuildConfiguration section */

/* Begin XCConfigurationList section */
		C7D3191128A4E1A800940AFE /* Build configuration list for PBXProject "getAway" */ = {
			isa = XCConfigurationList;
			buildConfigurations = (
				C7D3194128A4E1A900940AFE /* Debug */,
				C7D3194228A4E1A900940AFE /* Release */,
			);
			defaultConfigurationIsVisible = 0;
			defaultConfigurationName = Release;
		};
		C7D3194328A4E1A900940AFE /* Build configuration list for PBXNativeTarget "getAway" */ = {
			isa = XCConfigurationList;
			buildConfigurations = (
				C7D3194428A4E1A900940AFE /* Debug */,
				C7D3194528A4E1A900940AFE /* Release */,
			);
			defaultConfigurationIsVisible = 0;
			defaultConfigurationName = Release;
		};
		C7D3194628A4E1A900940AFE /* Build configuration list for PBXNativeTarget "getAwayTests" */ = {
			isa = XCConfigurationList;
			buildConfigurations = (
				C7D3194728A4E1A900940AFE /* Debug */,
				C7D3194828A4E1A900940AFE /* Release */,
			);
			defaultConfigurationIsVisible = 0;
			defaultConfigurationName = Release;
		};
		C7D3194928A4E1A900940AFE /* Build configuration list for PBXNativeTarget "getAwayUITests" */ = {
			isa = XCConfigurationList;
			buildConfigurations = (
				C7D3194A28A4E1A900940AFE /* Debug */,
				C7D3194B28A4E1A900940AFE /* Release */,
			);
			defaultConfigurationIsVisible = 0;
			defaultConfigurationName = Release;
		};
/* End XCConfigurationList section */

/* Begin XCRemoteSwiftPackageReference section */
		C7D3195528A4F5A500940AFE /* XCRemoteSwiftPackageReference "firebase-ios-sdk" */ = {
			isa = XCRemoteSwiftPackageReference;
			repositoryURL = "https://github.com/firebase/firebase-ios-sdk";
			requirement = {
				kind = upToNextMajorVersion;
				minimumVersion = 9.0.0;
			};
		};
/* End XCRemoteSwiftPackageReference section */

/* Begin XCSwiftPackageProductDependency section */
		C7D3195628A4F5A500940AFE /* FirebaseAnalytics */ = {
			isa = XCSwiftPackageProductDependency;
			package = C7D3195528A4F5A500940AFE /* XCRemoteSwiftPackageReference "firebase-ios-sdk" */;
			productName = FirebaseAnalytics;
		};
		C7D3195828A4F5A500940AFE /* FirebaseAnalyticsSwift */ = {
			isa = XCSwiftPackageProductDependency;
			package = C7D3195528A4F5A500940AFE /* XCRemoteSwiftPackageReference "firebase-ios-sdk" */;
			productName = FirebaseAnalyticsSwift;
		};
		C7D3195A28A4F5A500940AFE /* FirebaseAuth */ = {
			isa = XCSwiftPackageProductDependency;
			package = C7D3195528A4F5A500940AFE /* XCRemoteSwiftPackageReference "firebase-ios-sdk" */;
			productName = FirebaseAuth;
		};
		C7D3195C28A4F5A500940AFE /* FirebaseDatabase */ = {
			isa = XCSwiftPackageProductDependency;
			package = C7D3195528A4F5A500940AFE /* XCRemoteSwiftPackageReference "firebase-ios-sdk" */;
			productName = FirebaseDatabase;
		};
		C7D3195E28A4F5A500940AFE /* FirebaseDatabaseSwift */ = {
			isa = XCSwiftPackageProductDependency;
			package = C7D3195528A4F5A500940AFE /* XCRemoteSwiftPackageReference "firebase-ios-sdk" */;
			productName = FirebaseDatabaseSwift;
		};
		C7D3196028A4F5A500940AFE /* FirebaseFirestore */ = {
			isa = XCSwiftPackageProductDependency;
			package = C7D3195528A4F5A500940AFE /* XCRemoteSwiftPackageReference "firebase-ios-sdk" */;
			productName = FirebaseFirestore;
		};
		C7D3196228A4F5A500940AFE /* FirebaseFirestoreSwift */ = {
			isa = XCSwiftPackageProductDependency;
			package = C7D3195528A4F5A500940AFE /* XCRemoteSwiftPackageReference "firebase-ios-sdk" */;
			productName = FirebaseFirestoreSwift;
		};
		C7D3196428A4F5A500940AFE /* FirebaseStorage */ = {
			isa = XCSwiftPackageProductDependency;
			package = C7D3195528A4F5A500940AFE /* XCRemoteSwiftPackageReference "firebase-ios-sdk" */;
			productName = FirebaseStorage;
		};
/* End XCSwiftPackageProductDependency section */

/* Begin XCVersionGroup section */
		C7D3192228A4E1A800940AFE /* getAway.xcdatamodeld */ = {
			isa = XCVersionGroup;
			children = (
				C7D3192328A4E1A800940AFE /* getAway.xcdatamodel */,
			);
			currentVersion = C7D3192328A4E1A800940AFE /* getAway.xcdatamodel */;
			path = getAway.xcdatamodeld;
			sourceTree = "<group>";
			versionGroupType = wrapper.xcdatamodel;
		};
/* End XCVersionGroup section */
	};
	rootObject = C7D3190E28A4E1A800940AFE /* Project object */;
}
